
Microsoft Visual Studio Solution File, Format Version 12.00
# Visual Studio Version 17
VisualStudioVersion = 17.7.34031.279
MinimumVisualStudioVersion = 10.0.40219.1
Project("{FAE04EC0-301F-11D3-BF4B-00C04F79EFBC}") = "GA_ThisKeyword_StephanieLopez", "GA_ThisKeyword_StephanieLopez.csproj", "{6C510AEE-87AC-48B0-9CC8-F3498A31EBD3}"
EndProject
Global
	GlobalSection(SolutionConfigurationPlatforms) = preSolution
		Debug|Any CPU = Debug|Any CPU
		Release|Any CPU = Release|Any CPU
	EndGlobalSection
	GlobalSection(ProjectConfigurationPlatforms) = postSolution
		{6C510AEE-87AC-48B0-9CC8-F3498A31EBD3}.Debug|Any CPU.ActiveCfg = Debug|Any CPU
		{6C510AEE-87AC-48B0-9CC8-F3498A31EBD3}.Debug|Any CPU.Build.0 = Debug|Any CPU
		{6C510AEE-87AC-48B0-9CC8-F3498A31EBD3}.Release|Any CPU.ActiveCfg = Release|Any CPU
		{6C510AEE-87AC-48B0-9CC8-F3498A31EBD3}.Release|Any CPU.Build.0 = Release|Any CPU
	EndGlobalSection
	GlobalSection(SolutionProperties) = preSolution
		HideSolutionNode = FALSE
	EndGlobalSection
	GlobalSection(ExtensibilityGlobals) = postSolution
		SolutionGuid = {888BCE67-5757-49AD-B925-BF5C8DDE11D9}
	EndGlobalSection
EndGlobal
